
Microsoft Visual Studio Solution File, Format Version 12.00
# Visual Studio Version 17
VisualStudioVersion = 17.0.31903.59
MinimumVisualStudioVersion = 10.0.40219.1
Project("{2150E333-8FDC-42A3-9474-1A3956D46DE8}") = "modules", "modules", "{CA253913-39DE-BFD0-C9A3-4B7EC6FBDF17}"
EndProject
Project("{2150E333-8FDC-42A3-9474-1A3956D46DE8}") = "week-01-hello-github", "week-01-hello-github", "{9AAAAACD-22E2-84E0-B6A9-3B30FC5FD0E4}"
EndProject
Project("{2150E333-8FDC-42A3-9474-1A3956D46DE8}") = "starter", "starter", "{892F2EC6-86B8-73E8-5A6E-AABF348F8258}"
EndProject
Project("{FAE04EC0-301F-11D3-BF4B-00C04F79EFBC}") = "HelloGitHub", "modules\week-01-hello-github\starter\HelloGitHub.csproj", "{B04FDB79-579F-4DBE-87DB-6EE35A22BC2A}"
EndProject
Project("{2150E333-8FDC-42A3-9474-1A3956D46DE8}") = "tests", "tests", "{6A401333-22A7-1133-FDAB-0EF22AD5169E}"
EndProject
Project("{FAE04EC0-301F-11D3-BF4B-00C04F79EFBC}") = "HelloGitHub.Tests", "modules\week-01-hello-github\tests\HelloGitHub.Tests.csproj", "{6E2E4C29-5EB5-4112-AA89-528D21B43CF0}"
EndProject
Project("{2150E33Project("{2150E333-8FDC-42A3-9474-1A3956D46DE8}") = "week-02-calculator-lite", "week-02-calculator-lite", "{016E736E-103B-0423-5D9F-C55DEE2D6BB1}"
EndProject
Project("{2150E333-8FDC-42A3-9474-1A3956D46DE8}") = "starter", "starter", "{878E420B-CAF4-21BF-E91F-6A1053ED1F2B}"
EndProject
Project("{FAE04EC0-301F-11D3-BF4B-00C04F79EFBC}") = "CalculatorLite", "modules\week-02-calculator-lite\starter\CalculatorLite.csproj", "{6421BC74-4318-4F3E-B169-0B32F58C603B}"
EndProject
Project("{2150E333-8FDC-42A3-9474-1A3956D46DE8}") = "tests", "tests", "{847DA5FB-2027-6FE6-68F6-7E877C088DBE}"
EndProject
Project("{FAE04EC0-301F-11D3-BF4B-00C04F79EFBC}") = "CalculatorLite.Tests", "modules\week-02-calculator-lite\tests\CalculatorLite.Tests.csproj", "{8ECFA687-0399-4457-B0BC-1B90A90E292A}"
EndProject
Project("{2150E333-8FDC-42A3-9474-1A3956D46DE8}") = "week-03-profile-card", "week-03-profile-card", "{4B47474E-0B6D-E9F2-4233-69A09AC62955}"
EndProject
Project("{2150E333-8FDC-42A3-9474-1A3956D46DE8}") = "starter", "starter", "{D2987DF8-1AA0-9AAC-022A-0A394276A1C0}"
EndProject
Project("{FAE04EC0-301F-11D3-BF4B-00C04F79EFBC}") = "ProfileCard", "modules\week-03-profile-card\starter\ProfileCard.csproj", "{64BB0198-9D5D-4E34-957D-A8E570E979F4}"
EndProject
Project("{2150E333-8FDC-42A3-9474-1A3956D46DE8}") = "tests", "tests", "{865ABCEE-41AC-7F20-A8F6-7003AFA721A3}"
EndProject
Project("{FAE04EC0-301F-11D3-BF4B-00C04F79EFBC}") = "ProfileCard.Tests", "modules\week-03-profile-card\tests\ProfileCard.Tests.csproj", "{8A5E4861-9845-4907-9360-67CC52A668B2}"
EndProject
Global
	GlobalSection(SolutionConfigurationPlatforms) = preSolution
		Debug|Any CPU = Debug|Any CPU
		Debug|x64 = Debug|x64
		Debug|x86 = Debug|x86
		Release|Any CPU = Release|Any CPU
		Release|x64 = Release|x64
		Release|x86 = Release|x86
	EndGlobalSection
	GlobalSection(ProjectConfigurationPlatforms) = postSolution
		{B04FDB79-579F-4DBE-87DB-6EE35A22BC2A}.Debug|Any CPU.ActiveCfg = Debug|Any CPU
		{B04FDB79-579F-4DBE-87DB-6EE35A22BC2A}.Debug|Any CPU.Build.0 = Debug|Any CPU
		{B04FDB79-579F-4DBE-87DB-6EE35A22BC2A}.Debug|x64.ActiveCfg = Debug|Any CPU
		{B04FDB79-579F-4DBE-87DB-6EE35A22BC2A}.Debug|x64.Build.0 = Debug|Any CPU
		{B04FDB79-579F-4DBE-87DB-6EE35A22BC2A}.Debug|x86.ActiveCfg = Debug|Any CPU
		{B04FDB79-579F-4DBE-87DB-6EE35A22BC2A}.Debug|x86.Build.0 = Debug|Any CPU
		{B04FDB79-579F-4DBE-87DB-6EE35A22BC2A}.Release|Any CPU.ActiveCfg = Release|Any CPU
		{B04FDB79-579F-4DBE-87DB-6EE35A22BC2A}.Release|Any CPU.Build.0 = Release|Any CPU
		{B04FDB79-579F-4DBE-87DB-6EE35A22BC2A}.Release|x64.ActiveCfg = Release|Any CPU
		{B04FDB79-579F-4DBE-87DB-6EE35A22BC2A}.Release|x64.Build.0 = Release|Any CPU
		{B04FDB79-579F-4DBE-87DB-6EE35A22BC2A}.Release|x86.ActiveCfg = Release|Any CPU
		{B04FDB79-579F-4DBE-87DB-6EE35A22BC2A}.Release|x86.Build.0 = Release|Any CPU
		{6E2E4C29-5EB5-4112-AA89-528D21B43CF0}.Debug|Any CPU.ActiveCfg = Debug|Any CPU
		{6E2E4C29-5EB5-4112-AA89-528D21B43CF0}.Debug|Any CPU.Build.0 = Debug|Any CPU
		{6E2E4C29-5EB5-4112-AA89-528D21B43CF0}.Debug|x64.ActiveCfg = Debug|Any CPU
		{6E2E4C29-5EB5-4112-AA89-528D21B43CF0}.Debug|x64.Build.0 = Debug|Any CPU
		{6E2E4C29-5EB5-4112-AA89-528D21B43CF0}.Debug|x86.ActiveCfg = Debug|Any CPU
		{6E2E4C29-5EB5-4112-AA89-528D21B43CF0}.Debug|x86.Build.0 = Debug|Any CPU
		{6E2E4C29-5EB5-4112-AA89-528D21B43CF0}.Release|Any CPU.ActiveCfg = Release|Any CPU
		{6E2E4C29-5EB5-4112-AA89-528D21B43CF0}.Release|Any CPU.Build.0 = Release|Any CPU
		{6E2E4C29-5EB5-4112-AA89-528D21B43CF0}.Release|x64.ActiveCfg = Release|Any CPU
		{6E2E4C29-5EB5-4112-AA89-528D21B43CF0}.Release|x64.Build.0 = Release|Any CPU
		{6E2E4C29-5EB5-4112-AA89-528D21B43CF0}.Release|x86.ActiveCfg = Release|Any CPU
		{6E2E4C29-5EB5-4112-AA89-528D21B43CF0}.Release|x86.Build.0 = Release|Any CPU
		{6421BC74-4318-4F3E-B169-0B32F58C603B}.Debug|Any CPU.ActiveCfg = Debug|Any CPU
		{6421BC74-4318-4F3E-B169-0B32F58C603B}.Debug|Any CPU.Build.0 = Debug|Any CPU
		{6421BC74-4318-4F3E-B169-0B32F58C603B}.Debug|x64.ActiveCfg = Debug|Any CPU
		{6421BC74-4318-4F3E-B169-0B32F58C603B}.Debug|x64.Build.0 = Debug|Any CPU
		{6421BC74-4318-4F3E-B169-0B32F58C603B}.Debug|x86.ActiveCfg = Debug|Any CPU
		{6421BC74-4318-4F3E-B169-0B32F58C603B}.Debug|x86.Build.0 = Debug|Any CPU
		{6421BC74-4318-4F3E-B169-0B32F58C603B}.Release|Any CPU.ActiveCfg = Release|Any CPU
		{6421BC74-4318-4F3E-B169-0B32F58C603B}.Release|Any CPU.Build.0 = Release|Any CPU
		{6421BC74-4318-4F3E-B169-0B32F58C603B}.Release|x64.ActiveCfg = Release|Any CPU
		{6421BC74-4318-4F3E-B169-0B32F58C603B}.Release|x64.Build.0 = Release|Any CPU
		{6421BC74-4318-4F3E-B169-0B32F58C603B}.Release|x86.ActiveCfg = Release|Any CPU
		{6421BC74-4318-4F3E-B169-0B32F58C603B}.Release|x86.Build.0 = Release|Any CPU
		{8ECFA687-0399-4457-B0BC-1B90A90E292A}.Debug|Any CPU.ActiveCfg = Debug|Any CPU
		{8ECFA687-0399-4457-B0BC-1B90A90E292A}.Debug|Any CPU.Build.0 = Debug|Any CPU
		{8ECFA687-0399-4457-B0BC-1B90A90E292A}.Debug|x64.ActiveCfg = Debug|Any CPU
		{8ECFA687-0399-4457-B0BC-1B90A90E292A}.Debug|x64.Build.0 = Debug|Any CPU
		{8ECFA687-0399-4457-B0BC-1B90A90E292A}.Debug|x86.ActiveCfg = Debug|Any CPU
		{8ECFA687-0399-4457-B0BC-1B90A90E292A}.Debug|x86.Build.0 = Debug|Any CPU
		{8ECFA687-0399-4457-B0BC-1B90A90E292A}.Release|Any CPU.ActiveCfg = Release|Any CPU
		{8ECFA687-0399-4457-B0BC-1B90A90E292A}.Release|Any CPU.Build.0 = Release|Any CPU
		{8ECFA687-0399-4457-B0BC-1B90A90E292A}.Release|x64.ActiveCfg = Release|Any CPU
		{8ECFA687-0399-4457-B0BC-1B90A90E292A}.Release|x64.Build.0 = Release|Any CPU
		{8ECFA687-0399-4457-B0BC-1B90A90E292A}.Release|x86.ActiveCfg = Release|Any CPU
		{8ECFA687-0399-4457-B0BC-1B90A90E292A}.Release|x86.Build.0 = Release|Any CPU
		{64BB0198-9D5D-4E34-957D-A8E570E979F4}.Debug|Any CPU.ActiveCfg = Debug|Any CPU
		{64BB0198-9D5D-4E34-957D-A8E570E979F4}.Debug|Any CPU.Build.0 = Debug|Any CPU
		{64BB0198-9D5D-4E34-957D-A8E570E979F4}.Debug|x64.ActiveCfg = Debug|Any CPU
		{64BB0198-9D5D-4E34-957D-A8E570E979F4}.Debug|x64.Build.0 = Debug|Any CPU
		{64BB0198-9D5D-4E34-957D-A8E570E979F4}.Debug|x86.ActiveCfg = Debug|Any CPU
		{64BB0198-9D5D-4E34-957D-A8E570E979F4}.Debug|x86.Build.0 = Debug|Any CPU
		{64BB0198-9D5D-4E34-957D-A8E570E979F4}.Release|Any CPU.ActiveCfg = Release|Any CPU
		{64BB0198-9D5D-4E34-957D-A8E570E979F4}.Release|Any CPU.Build.0 = Release|Any CPU
		{64BB0198-9D5D-4E34-957D-A8E570E979F4}.Release|x64.ActiveCfg = Release|Any CPU
		{64BB0198-9D5D-4E34-957D-A8E570E979F4}.Release|x64.Build.0 = Release|Any CPU
		{64BB0198-9D5D-4E34-957D-A8E570E979F4}.Release|x86.ActiveCfg = Release|Any CPU
		{64BB0198-9D5D-4E34-957D-A8E570E979F4}.Release|x86.Build.0 = Release|Any CPU
		{8A5E4861-9845-4907-9360-67CC52A668B2}.Debug|Any CPU.ActiveCfg = Debug|Any CPU
		{8A5E4861-9845-4907-9360-67CC52A668B2}.Debug|Any CPU.Build.0 = Debug|Any CPU
		{8A5E4861-9845-4907-9360-67CC52A668B2}.Debug|x64.ActiveCfg = Debug|Any CPU
		{8A5E4861-9845-4907-9360-67CC52A668B2}.Debug|x64.Build.0 = Debug|Any CPU
		{8A5E4861-9845-4907-9360-67CC52A668B2}.Debug|x86.ActiveCfg = Debug|Any CPU
		{8A5E4861-9845-4907-9360-67CC52A668B2}.Debug|x86.Build.0 = Debug|Any CPU
		{8A5E4861-9845-4907-9360-67CC52A668B2}.Release|Any CPU.ActiveCfg = Release|Any CPU
		{8A5E4861-9845-4907-9360-67CC52A668B2}.Release|Any CPU.Build.0 = Release|Any CPU
		{8A5E4861-9845-4907-9360-67CC52A668B2}.Release|x64.ActiveCfg = Release|Any CPU
		{8A5E4861-9845-4907-9360-67CC52A668B2}.Release|x64.Build.0 = Release|Any CPU
		{8A5E4861-9845-4907-9360-67CC52A668B2}.Release|x86.ActiveCfg = Release|Any CPU
		{8A5E4861-9845-4907-9360-67CC52A668B2}.Release|x86.Build.0 = Release|Any CPU
	EndGlobalSection
	GlobalSection(SolutionProperties) = preSolution
		HideSolutionNode = FALSE
	EndGlobalSection
	GlobalSection(NestedProjects) = preSolution
		{9AAAAACD-22E2-84E0-B6A9-3B30FC5FD0E4} = {CA253913-39DE-BFD0-C9A3-4B7EC6FBDF17}
		{892F2EC6-86B8-73E8-5A6E-AABF348F8258} = {9AAAAACD-22E2-84E0-B6A9-3B30FC5FD0E4}
		{B04FDB79-579F-4DBE-87DB-6EE35A22BC2A} = {892F2EC6-86B8-73E8-5A6E-AABF348F8258}
		{6A401333-22A7-1133-FDAB-0EF22AD5169E} = {9AAAAACD-22E2-84E0-B6A9-3B30FC5FD0E4}
		{6E2E4C29-5EB5-4112-AA89-528D21B43CF0} = {6A401333-22A7-1133-FDAB-0EF22AD5169E}
		{016E736E-103B-0423-5D9F-C55DEE2D6BB1} = {CA253913-39DE-BFD0-C9A3-4B7EC6FBDF17}
		{878E420B-CAF4-21BF-E91F-6A1053ED1F2B} = {016E736E-103B-0423-5D9F-C55DEE2D6BB1}
		{6421BC74-4318-4F3E-B169-0B32F58C603B} = {878E420B-CAF4-21BF-E91F-6A1053ED1F2B}
		{847DA5FB-2027-6FE6-68F6-7E877C088DBE} = {016E736E-103B-0423-5D9F-C55DEE2D6BB1}
		{8ECFA687-0399-4457-B0BC-1B90A90E292A} = {847DA5FB-2027-6FE6-68F6-7E877C088DBE}
		{4B47474E-0B6D-E9F2-4233-69A09AC62955} = {CA253913-39DE-BFD0-C9A3-4B7EC6FBDF17}
		{D2987DF8-1AA0-9AAC-022A-0A394276A1C0} = {4B47474E-0B6D-E9F2-4233-69A09AC62955}
		{64BB0198-9D5D-4E34-957D-A8E570E979F4} = {D2987DF8-1AA0-9AAC-022A-0A394276A1C0}
		{865ABCEE-41AC-7F20-A8F6-7003AFA721A3} = {4B47474E-0B6D-E9F2-4233-69A09AC62955}
		{8A5E4861-9845-4907-9360-67CC52A668B2} = {865ABCEE-41AC-7F20-A8F6-7003AFA721A3}
